
Microsoft Visual Studio Solution File, Format Version 12.00
# Visual Studio 15
VisualStudioVersion = 15.0.27130.2003
MinimumVisualStudioVersion = 10.0.40219.1
Project("{FAE04EC0-301F-11D3-BF4B-00C04F79EFBC}") = "JWTNetCore", "JWTNetCore\JWTNetCore.csproj", "{A5E35F7B-3797-4273-B714-43EE90765756}"
EndProject
Global
	GlobalSection(SolutionConfigurationPlatforms) = preSolution
		Debug|Any CPU = Debug|Any CPU
		Release|Any CPU = Release|Any CPU
	EndGlobalSection
	GlobalSection(ProjectConfigurationPlatforms) = postSolution
		{A5E35F7B-3797-4273-B714-43EE90765756}.Debug|Any CPU.ActiveCfg = Debug|Any CPU
		{A5E35F7B-3797-4273-B714-43EE90765756}.Debug|Any CPU.Build.0 = Debug|Any CPU
		{A5E35F7B-3797-4273-B714-43EE90765756}.Release|Any CPU.ActiveCfg = Release|Any CPU
		{A5E35F7B-3797-4273-B714-43EE90765756}.Release|Any CPU.Build.0 = Release|Any CPU
	EndGlobalSection
	GlobalSection(SolutionProperties) = preSolution
		HideSolutionNode = FALSE
	EndGlobalSection
	GlobalSection(ExtensibilityGlobals) = postSolution
		SolutionGuid = {C50E948F-75DD-4F9E-9C0F-28E11A8F1B35}
	EndGlobalSection
EndGlobal
